// !$*UTF8*$!
{
	archiveVersion = 1;
	classes = {
	};
	objectVersion = 46;
	objects = {

/* Begin PBXBuildFile section */
		4CC282A1194003BD00A48681 /* Foundation.framework in Frameworks */ = {isa = PBXBuildFile; fileRef = 4CC282A0194003BD00A48681 /* Foundation.framework */; };
		4CC282A3194003BD00A48681 /* CoreGraphics.framework in Frameworks */ = {isa = PBXBuildFile; fileRef = 4CC282A2194003BD00A48681 /* CoreGraphics.framework */; };
		4CC282A5194003BD00A48681 /* UIKit.framework in Frameworks */ = {isa = PBXBuildFile; fileRef = 4CC282A4194003BD00A48681 /* UIKit.framework */; };
		4CC282AB194003BD00A48681 /* InfoPlist.strings in Resources */ = {isa = PBXBuildFile; fileRef = 4CC282A9194003BD00A48681 /* InfoPlist.strings */; };
		4CC282AD194003BD00A48681 /* main.m in Sources */ = {isa = PBXBuildFile; fileRef = 4CC282AC194003BD00A48681 /* main.m */; };
		4CC282B1194003BD00A48681 /* APAppDelegate.m in Sources */ = {isa = PBXBuildFile; fileRef = 4CC282B0194003BD00A48681 /* APAppDelegate.m */; };
		4CC282B4194003BD00A48681 /* Main.storyboard in Resources */ = {isa = PBXBuildFile; fileRef = 4CC282B2194003BD00A48681 /* Main.storyboard */; };
		4CC282B9194003BD00A48681 /* Images.xcassets in Resources */ = {isa = PBXBuildFile; fileRef = 4CC282B8194003BD00A48681 /* Images.xcassets */; };
		4CC282C0194003BD00A48681 /* XCTest.framework in Frameworks */ = {isa = PBXBuildFile; fileRef = 4CC282BF194003BD00A48681 /* XCTest.framework */; };
		4CC282C1194003BD00A48681 /* Foundation.framework in Frameworks */ = {isa = PBXBuildFile; fileRef = 4CC282A0194003BD00A48681 /* Foundation.framework */; };
		4CC282C2194003BD00A48681 /* UIKit.framework in Frameworks */ = {isa = PBXBuildFile; fileRef = 4CC282A4194003BD00A48681 /* UIKit.framework */; };
		4CC282CA194003BD00A48681 /* InfoPlist.strings in Resources */ = {isa = PBXBuildFile; fileRef = 4CC282C8194003BD00A48681 /* InfoPlist.strings */; };
		4CC282CC194003BD00A48681 /* AwsomeAppTests.m in Sources */ = {isa = PBXBuildFile; fileRef = 4CC282CB194003BD00A48681 /* AwsomeAppTests.m */; };
		4CC282E21940171800A48681 /* MainViewController.m in Sources */ = {isa = PBXBuildFile; fileRef = 4CC282D81940171800A48681 /* MainViewController.m */; };
		4CC282E31940171800A48681 /* MenuViewController.m in Sources */ = {isa = PBXBuildFile; fileRef = 4CC282DA1940171800A48681 /* MenuViewController.m */; };
		4CC58279194098D0000E6BD5 /* APBlog.m in Sources */ = {isa = PBXBuildFile; fileRef = 4CC58278194098D0000E6BD5 /* APBlog.m */; };
		4CC5827C19409FEE000E6BD5 /* htmlFooter.txt in Resources */ = {isa = PBXBuildFile; fileRef = 4CC5827A19409FEE000E6BD5 /* htmlFooter.txt */; };
		4CC5827D19409FEE000E6BD5 /* htmlHeader.txt in Resources */ = {isa = PBXBuildFile; fileRef = 4CC5827B19409FEE000E6BD5 /* htmlHeader.txt */; };
/* End PBXBuildFile section */

/* Begin PBXContainerItemProxy section */
		4CC282C3194003BD00A48681 /* PBXContainerItemProxy */ = {
			isa = PBXContainerItemProxy;
			containerPortal = 4CC28295194003BD00A48681 /* Project object */;
			proxyType = 1;
			remoteGlobalIDString = 4CC2829C194003BD00A48681;
			remoteInfo = AwsomeApp;
		};
/* End PBXContainerItemProxy section */

/* Begin PBXFileReference section */
		4CC2829D194003BD00A48681 /* AwsomeApp.app */ = {isa = PBXFileReference; explicitFileType = wrapper.application; includeInIndex = 0; path = AwsomeApp.app; sourceTree = BUILT_PRODUCTS_DIR; };
		4CC282A0194003BD00A48681 /* Foundation.framework */ = {isa = PBXFileReference; lastKnownFileType = wrapper.framework; name = Foundation.framework; path = System/Library/Frameworks/Foundation.framework; sourceTree = SDKROOT; };
		4CC282A2194003BD00A48681 /* CoreGraphics.framework */ = {isa = PBXFileReference; lastKnownFileType = wrapper.framework; name = CoreGraphics.framework; path = System/Library/Frameworks/CoreGraphics.framework; sourceTree = SDKROOT; };
		4CC282A4194003BD00A48681 /* UIKit.framework */ = {isa = PBXFileReference; lastKnownFileType = wrapper.framework; name = UIKit.framework; path = System/Library/Frameworks/UIKit.framework; sourceTree = SDKROOT; };
		4CC282A8194003BD00A48681 /* AwsomeApp-Info.plist */ = {isa = PBXFileReference; lastKnownFileType = text.plist.xml; path = "AwsomeApp-Info.plist"; sourceTree = "<group>"; };
		4CC282AA194003BD00A48681 /* en */ = {isa = PBXFileReference; lastKnownFileType = text.plist.strings; name = en; path = en.lproj/InfoPlist.strings; sourceTree = "<group>"; };
		4CC282AC194003BD00A48681 /* main.m */ = {isa = PBXFileReference; lastKnownFileType = sourcecode.c.objc; path = main.m; sourceTree = "<group>"; };
		4CC282AE194003BD00A48681 /* AwsomeApp-Prefix.pch */ = {isa = PBXFileReference; lastKnownFileType = sourcecode.c.h; path = "AwsomeApp-Prefix.pch"; sourceTree = "<group>"; };
		4CC282AF194003BD00A48681 /* APAppDelegate.h */ = {isa = PBXFileReference; lastKnownFileType = sourcecode.c.h; path = APAppDelegate.h; sourceTree = "<group>"; };
		4CC282B0194003BD00A48681 /* APAppDelegate.m */ = {isa = PBXFileReference; lastKnownFileType = sourcecode.c.objc; path = APAppDelegate.m; sourceTree = "<group>"; };
		4CC282B3194003BD00A48681 /* Base */ = {isa = PBXFileReference; lastKnownFileType = file.storyboard; name = Base; path = Base.lproj/Main.storyboard; sourceTree = "<group>"; };
		4CC282B8194003BD00A48681 /* Images.xcassets */ = {isa = PBXFileReference; lastKnownFileType = folder.assetcatalog; path = Images.xcassets; sourceTree = "<group>"; };
		4CC282BE194003BD00A48681 /* AwsomeAppTests.xctest */ = {isa = PBXFileReference; explicitFileType = wrapper.cfbundle; includeInIndex = 0; path = AwsomeAppTests.xctest; sourceTree = BUILT_PRODUCTS_DIR; };
		4CC282BF194003BD00A48681 /* XCTest.framework */ = {isa = PBXFileReference; lastKnownFileType = wrapper.framework; name = XCTest.framework; path = Library/Frameworks/XCTest.framework; sourceTree = DEVELOPER_DIR; };
		4CC282C7194003BD00A48681 /* AwsomeAppTests-Info.plist */ = {isa = PBXFileReference; lastKnownFileType = text.plist.xml; path = "AwsomeAppTests-Info.plist"; sourceTree = "<group>"; };
		4CC282C9194003BD00A48681 /* en */ = {isa = PBXFileReference; lastKnownFileType = text.plist.strings; name = en; path = en.lproj/InfoPlist.strings; sourceTree = "<group>"; };
		4CC282CB194003BD00A48681 /* AwsomeAppTests.m */ = {isa = PBXFileReference; lastKnownFileType = sourcecode.c.objc; path = AwsomeAppTests.m; sourceTree = "<group>"; };
		4CC282D71940171800A48681 /* MainViewController.h */ = {isa = PBXFileReference; fileEncoding = 4; lastKnownFileType = sourcecode.c.h; path = MainViewController.h; sourceTree = "<group>"; };
		4CC282D81940171800A48681 /* MainViewController.m */ = {isa = PBXFileReference; fileEncoding = 4; lastKnownFileType = sourcecode.c.objc; path = MainViewController.m; sourceTree = "<group>"; };
		4CC282D91940171800A48681 /* MenuViewController.h */ = {isa = PBXFileReference; fileEncoding = 4; lastKnownFileType = sourcecode.c.h; path = MenuViewController.h; sourceTree = "<group>"; };
		4CC282DA1940171800A48681 /* MenuViewController.m */ = {isa = PBXFileReference; fileEncoding = 4; lastKnownFileType = sourcecode.c.objc; path = MenuViewController.m; sourceTree = "<group>"; };
		4CC58277194098D0000E6BD5 /* APBlog.h */ = {isa = PBXFileReference; fileEncoding = 4; lastKnownFileType = sourcecode.c.h; path = APBlog.h; sourceTree = "<group>"; };
		4CC58278194098D0000E6BD5 /* APBlog.m */ = {isa = PBXFileReference; fileEncoding = 4; lastKnownFileType = sourcecode.c.objc; path = APBlog.m; sourceTree = "<group>"; };
		4CC5827A19409FEE000E6BD5 /* htmlFooter.txt */ = {isa = PBXFileReference; fileEncoding = 4; lastKnownFileType = text; path = htmlFooter.txt; sourceTree = "<group>"; };
		4CC5827B19409FEE000E6BD5 /* htmlHeader.txt */ = {isa = PBXFileReference; fileEncoding = 4; lastKnownFileType = text; path = htmlHeader.txt; sourceTree = "<group>"; };
/* End PBXFileReference section */

/* Begin PBXFrameworksBuildPhase section */
		4CC2829A194003BD00A48681 /* Frameworks */ = {
			isa = PBXFrameworksBuildPhase;
			buildActionMask = 2147483647;
			files = (
				4CC282A3194003BD00A48681 /* CoreGraphics.framework in Frameworks */,
				4CC282A5194003BD00A48681 /* UIKit.framework in Frameworks */,
				4CC282A1194003BD00A48681 /* Foundation.framework in Frameworks */,
			);
			runOnlyForDeploymentPostprocessing = 0;
		};
		4CC282BB194003BD00A48681 /* Frameworks */ = {
			isa = PBXFrameworksBuildPhase;
			buildActionMask = 2147483647;
			files = (
				4CC282C0194003BD00A48681 /* XCTest.framework in Frameworks */,
				4CC282C2194003BD00A48681 /* UIKit.framework in Frameworks */,
				4CC282C1194003BD00A48681 /* Foundation.framework in Frameworks */,
			);
			runOnlyForDeploymentPostprocessing = 0;
		};
/* End PBXFrameworksBuildPhase section */

/* Begin PBXGroup section */
		4CC28294194003BD00A48681 = {
			isa = PBXGroup;
			children = (
				4CC282A6194003BD00A48681 /* AwsomeApp */,
				4CC282C5194003BD00A48681 /* AwsomeAppTests */,
				4CC2829F194003BD00A48681 /* Frameworks */,
				4CC2829E194003BD00A48681 /* Products */,
			);
			sourceTree = "<group>";
		};
		4CC2829E194003BD00A48681 /* Products */ = {
			isa = PBXGroup;
			children = (
				4CC2829D194003BD00A48681 /* AwsomeApp.app */,
				4CC282BE194003BD00A48681 /* AwsomeAppTests.xctest */,
			);
			name = Products;
			sourceTree = "<group>";
		};
		4CC2829F194003BD00A48681 /* Frameworks */ = {
			isa = PBXGroup;
			children = (
				4CC282A0194003BD00A48681 /* Foundation.framework */,
				4CC282A2194003BD00A48681 /* CoreGraphics.framework */,
				4CC282A4194003BD00A48681 /* UIKit.framework */,
				4CC282BF194003BD00A48681 /* XCTest.framework */,
			);
			name = Frameworks;
			sourceTree = "<group>";
		};
		4CC282A6194003BD00A48681 /* AwsomeApp */ = {
			isa = PBXGroup;
			children = (
				4CC5827A19409FEE000E6BD5 /* htmlFooter.txt */,
				4CC5827B19409FEE000E6BD5 /* htmlHeader.txt */,
				4CC282D71940171800A48681 /* MainViewController.h */,
				4CC282D81940171800A48681 /* MainViewController.m */,
				4CC282D91940171800A48681 /* MenuViewController.h */,
				4CC282DA1940171800A48681 /* MenuViewController.m */,
				4CC282AF194003BD00A48681 /* APAppDelegate.h */,
				4CC282B0194003BD00A48681 /* APAppDelegate.m */,
				4CC282B2194003BD00A48681 /* Main.storyboard */,
				4CC282B8194003BD00A48681 /* Images.xcassets */,
				4CC282A7194003BD00A48681 /* Supporting Files */,
				4CC58277194098D0000E6BD5 /* APBlog.h */,
				4CC58278194098D0000E6BD5 /* APBlog.m */,
			);
			path = AwsomeApp;
			sourceTree = "<group>";
		};
		4CC282A7194003BD00A48681 /* Supporting Files */ = {
			isa = PBXGroup;
			children = (
				4CC282A8194003BD00A48681 /* AwsomeApp-Info.plist */,
				4CC282A9194003BD00A48681 /* InfoPlist.strings */,
				4CC282AC194003BD00A48681 /* main.m */,
				4CC282AE194003BD00A48681 /* AwsomeApp-Prefix.pch */,
			);
			name = "Supporting Files";
			sourceTree = "<group>";
		};
		4CC282C5194003BD00A48681 /* AwsomeAppTests */ = {
			isa = PBXGroup;
			children = (
				4CC282CB194003BD00A48681 /* AwsomeAppTests.m */,
				4CC282C6194003BD00A48681 /* Supporting Files */,
			);
			path = AwsomeAppTests;
			sourceTree = "<group>";
		};
		4CC282C6194003BD00A48681 /* Supporting Files */ = {
			isa = PBXGroup;
			children = (
				4CC282C7194003BD00A48681 /* AwsomeAppTests-Info.plist */,
				4CC282C8194003BD00A48681 /* InfoPlist.strings */,
			);
			name = "Supporting Files";
			sourceTree = "<group>";
		};
/* End PBXGroup section */

/* Begin PBXNativeTarget section */
		4CC2829C194003BD00A48681 /* AwsomeApp */ = {
			isa = PBXNativeTarget;
			buildConfigurationList = 4CC282CF194003BD00A48681 /* Build configuration list for PBXNativeTarget "AwsomeApp" */;
			buildPhases = (
				4CC28299194003BD00A48681 /* Sources */,
				4CC2829A194003BD00A48681 /* Frameworks */,
				4CC2829B194003BD00A48681 /* Resources */,
			);
			buildRules = (
			);
			dependencies = (
			);
			name = AwsomeApp;
			productName = AwsomeApp;
			productReference = 4CC2829D194003BD00A48681 /* AwsomeApp.app */;
			productType = "com.apple.product-type.application";
		};
		4CC282BD194003BD00A48681 /* AwsomeAppTests */ = {
			isa = PBXNativeTarget;
			buildConfigurationList = 4CC282D2194003BD00A48681 /* Build configuration list for PBXNativeTarget "AwsomeAppTests" */;
			buildPhases = (
				4CC282BA194003BD00A48681 /* Sources */,
				4CC282BB194003BD00A48681 /* Frameworks */,
				4CC282BC194003BD00A48681 /* Resources */,
			);
			buildRules = (
			);
			dependencies = (
				4CC282C4194003BD00A48681 /* PBXTargetDependency */,
			);
			name = AwsomeAppTests;
			productName = AwsomeAppTests;
			productReference = 4CC282BE194003BD00A48681 /* AwsomeAppTests.xctest */;
			productType = "com.apple.product-type.bundle.unit-test";
		};
/* End PBXNativeTarget section */

/* Begin PBXProject section */
		4CC28295194003BD00A48681 /* Project object */ = {
			isa = PBXProject;
			attributes = {
				CLASSPREFIX = AP;
				LastUpgradeCheck = 0510;
				ORGANIZATIONNAME = iTranswarp;
				TargetAttributes = {
					4CC282BD194003BD00A48681 = {
						TestTargetID = 4CC2829C194003BD00A48681;
					};
				};
			};
			buildConfigurationList = 4CC28298194003BD00A48681 /* Build configuration list for PBXProject "AwsomeApp" */;
			compatibilityVersion = "Xcode 3.2";
			developmentRegion = English;
			hasScannedForEncodings = 0;
			knownRegions = (
				en,
				Base,
			);
			mainGroup = 4CC28294194003BD00A48681;
			productRefGroup = 4CC2829E194003BD00A48681 /* Products */;
			projectDirPath = "";
			projectRoot = "";
			targets = (
				4CC2829C194003BD00A48681 /* AwsomeApp */,
				4CC282BD194003BD00A48681 /* AwsomeAppTests */,
			);
		};
/* End PBXProject section */

/* Begin PBXResourcesBuildPhase section */
		4CC2829B194003BD00A48681 /* Resources */ = {
			isa = PBXResourcesBuildPhase;
			buildActionMask = 2147483647;
			files = (
				4CC5827D19409FEE000E6BD5 /* htmlHeader.txt in Resources */,
				4CC5827C19409FEE000E6BD5 /* htmlFooter.txt in Resources */,
				4CC282B9194003BD00A48681 /* Images.xcassets in Resources */,
				4CC282AB194003BD00A48681 /* InfoPlist.strings in Resources */,
				4CC282B4194003BD00A48681 /* Main.storyboard in Resources */,
			);
			runOnlyForDeploymentPostprocessing = 0;
		};
		4CC282BC194003BD00A48681 /* Resources */ = {
			isa = PBXResourcesBuildPhase;
			buildActionMask = 2147483647;
			files = (
				4CC282CA194003BD00A48681 /* InfoPlist.strings in Resources */,
			);
			runOnlyForDeploymentPostprocessing = 0;
		};
/* End PBXResourcesBuildPhase section */

/* Begin PBXSourcesBuildPhase section */
		4CC28299194003BD00A48681 /* Sources */ = {
			isa = PBXSourcesBuildPhase;
			buildActionMask = 2147483647;
			files = (
				4CC282AD194003BD00A48681 /* main.m in Sources */,
				4CC282E31940171800A48681 /* MenuViewController.m in Sources */,
				4CC282E21940171800A48681 /* MainViewController.m in Sources */,
				4CC58279194098D0000E6BD5 /* APBlog.m in Sources */,
				4CC282B1194003BD00A48681 /* APAppDelegate.m in Sources */,
			);
			runOnlyForDeploymentPostprocessing = 0;
		};
		4CC282BA194003BD00A48681 /* Sources */ = {
			isa = PBXSourcesBuildPhase;
			buildActionMask = 2147483647;
			files = (
				4CC282CC194003BD00A48681 /* AwsomeAppTests.m in Sources */,
			);
			runOnlyForDeploymentPostprocessing = 0;
		};
/* End PBXSourcesBuildPhase section */

/* Begin PBXTargetDependency section */
		4CC282C4194003BD00A48681 /* PBXTargetDependency */ = {
			isa = PBXTargetDependency;
			target = 4CC2829C194003BD00A48681 /* AwsomeApp */;
			targetProxy = 4CC282C3194003BD00A48681 /* PBXContainerItemProxy */;
		};
/* End PBXTargetDependency section */

/* Begin PBXVariantGroup section */
		4CC282A9194003BD00A48681 /* InfoPlist.strings */ = {
			isa = PBXVariantGroup;
			children = (
				4CC282AA194003BD00A48681 /* en */,
			);
			name = InfoPlist.strings;
			sourceTree = "<group>";
		};
		4CC282B2194003BD00A48681 /* Main.storyboard */ = {
			isa = PBXVariantGroup;
			children = (
				4CC282B3194003BD00A48681 /* Base */,
			);
			name = Main.storyboard;
			sourceTree = "<group>";
		};
		4CC282C8194003BD00A48681 /* InfoPlist.strings */ = {
			isa = PBXVariantGroup;
			children = (
				4CC282C9194003BD00A48681 /* en */,
			);
			name = InfoPlist.strings;
			sourceTree = "<group>";
		};
/* End PBXVariantGroup section */

/* Begin XCBuildConfiguration section */
		4CC282CD194003BD00A48681 /* Debug */ = {
			isa = XCBuildConfiguration;
			buildSettings = {
				ALWAYS_SEARCH_USER_PATHS = NO;
				CLANG_CXX_LANGUAGE_STANDARD = "gnu++0x";
				CLANG_CXX_LIBRARY = "libc++";
				CLANG_ENABLE_MODULES = YES;
				CLANG_ENABLE_OBJC_ARC = YES;
				CLANG_WARN_BOOL_CONVERSION = YES;
				CLANG_WARN_CONSTANT_CONVERSION = YES;
				CLANG_WARN_DIRECT_OBJC_ISA_USAGE = YES_ERROR;
				CLANG_WARN_EMPTY_BODY = YES;
				CLANG_WARN_ENUM_CONVERSION = YES;
				CLANG_WARN_INT_CONVERSION = YES;
				CLANG_WARN_OBJC_ROOT_CLASS = YES_ERROR;
				CLANG_WARN__DUPLICATE_METHOD_MATCH = YES;
				"CODE_SIGN_IDENTITY[sdk=iphoneos*]" = "iPhone Developer";
				COPY_PHASE_STRIP = NO;
				GCC_C_LANGUAGE_STANDARD = gnu99;
				GCC_DYNAMIC_NO_PIC = NO;
				GCC_OPTIMIZATION_LEVEL = 0;
				GCC_PREPROCESSOR_DEFINITIONS = (
					"DEBUG=1",
					"$(inherited)",
				);
				GCC_SYMBOLS_PRIVATE_EXTERN = NO;
				GCC_WARN_64_TO_32_BIT_CONVERSION = YES;
				GCC_WARN_ABOUT_RETURN_TYPE = YES_ERROR;
				GCC_WARN_UNDECLARED_SELECTOR = YES;
				GCC_WARN_UNINITIALIZED_AUTOS = YES_AGGRESSIVE;
				GCC_WARN_UNUSED_FUNCTION = YES;
				GCC_WARN_UNUSED_VARIABLE = YES;
				IPHONEOS_DEPLOYMENT_TARGET = 7.1;
				ONLY_ACTIVE_ARCH = YES;
				SDKROOT = iphoneos;
			};
			name = Debug;
		};
		4CC282CE194003BD00A48681 /* Release */ = {
			isa = XCBuildConfiguration;
			buildSettings = {
				ALWAYS_SEARCH_USER_PATHS = NO;
				CLANG_CXX_LANGUAGE_STANDARD = "gnu++0x";
				CLANG_CXX_LIBRARY = "libc++";
				CLANG_ENABLE_MODULES = YES;
				CLANG_ENABLE_OBJC_ARC = YES;
				CLANG_WARN_BOOL_CONVERSION = YES;
				CLANG_WARN_CONSTANT_CONVERSION = YES;
				CLANG_WARN_DIRECT_OBJC_ISA_USAGE = YES_ERROR;
				CLANG_WARN_EMPTY_BODY = YES;
				CLANG_WARN_ENUM_CONVERSION = YES;
				CLANG_WARN_INT_CONVERSION = YES;
				CLANG_WARN_OBJC_ROOT_CLASS = YES_ERROR;
				CLANG_WARN__DUPLICATE_METHOD_MATCH = YES;
				"CODE_SIGN_IDENTITY[sdk=iphoneos*]" = "iPhone Developer";
				COPY_PHASE_STRIP = YES;
				ENABLE_NS_ASSERTIONS = NO;
				GCC_C_LANGUAGE_STANDARD = gnu99;
				GCC_WARN_64_TO_32_BIT_CONVERSION = YES;
				GCC_WARN_ABOUT_RETURN_TYPE = YES_ERROR;
				GCC_WARN_UNDECLARED_SELECTOR = YES;
				GCC_WARN_UNINITIALIZED_AUTOS = YES_AGGRESSIVE;
				GCC_WARN_UNUSED_FUNCTION = YES;
				GCC_WARN_UNUSED_VARIABLE = YES;
				IPHONEOS_DEPLOYMENT_TARGET = 7.1;
				SDKROOT = iphoneos;
				VALIDATE_PRODUCT = YES;
			};
			name = Release;
		};
		4CC282D0194003BD00A48681 /* Debug */ = {
			isa = XCBuildConfiguration;
			buildSettings = {
				ASSETCATALOG_COMPILER_APPICON_NAME = AppIcon;
				ASSETCATALOG_COMPILER_LAUNCHIMAGE_NAME = LaunchImage;
				GCC_PRECOMPILE_PREFIX_HEADER = YES;
				GCC_PREFIX_HEADER = "AwsomeApp/AwsomeApp-Prefix.pch";
				INFOPLIST_FILE = "AwsomeApp/AwsomeApp-Info.plist";
				PRODUCT_NAME = "$(TARGET_NAME)";
				WRAPPER_EXTENSION = app;
			};
			name = Debug;
		};
		4CC282D1194003BD00A48681 /* Release */ = {
			isa = XCBuildConfiguration;
			buildSettings = {
				ASSETCATALOG_COMPILER_APPICON_NAME = AppIcon;
				ASSETCATALOG_COMPILER_LAUNCHIMAGE_NAME = LaunchImage;
				GCC_PRECOMPILE_PREFIX_HEADER = YES;
				GCC_PREFIX_HEADER = "AwsomeApp/AwsomeApp-Prefix.pch";
				INFOPLIST_FILE = "AwsomeApp/AwsomeApp-Info.plist";
				PRODUCT_NAME = "$(TARGET_NAME)";
				WRAPPER_EXTENSION = app;
			};
			name = Release;
		};
		4CC282D3194003BD00A48681 /* Debug */ = {
			isa = XCBuildConfiguration;
			buildSettings = {
				BUNDLE_LOADER = "$(BUILT_PRODUCTS_DIR)/AwsomeApp.app/AwsomeApp";
				FRAMEWORK_SEARCH_PATHS = (
					"$(SDKROOT)/Developer/Library/Frameworks",
					"$(inherited)",
					"$(DEVELOPER_FRAMEWORKS_DIR)",
				);
				GCC_PRECOMPILE_PREFIX_HEADER = YES;
				GCC_PREFIX_HEADER = "AwsomeApp/AwsomeApp-Prefix.pch";
				GCC_PREPROCESSOR_DEFINITIONS = (
					"DEBUG=1",
					"$(inherited)",
				);
				INFOPLIST_FILE = "AwsomeAppTests/AwsomeAppTests-Info.plist";
				PRODUCT_NAME = "$(TARGET_NAME)";
				TEST_HOST = "$(BUNDLE_LOADER)";
				WRAPPER_EXTENSION = xctest;
			};
			name = Debug;
		};
		4CC282D4194003BD00A48681 /* Release */ = {
			isa = XCBuildConfiguration;
			buildSettings = {
				BUNDLE_LOADER = "$(BUILT_PRODUCTS_DIR)/AwsomeApp.app/AwsomeApp";
				FRAMEWORK_SEARCH_PATHS = (
					"$(SDKROOT)/Developer/Library/Frameworks",
					"$(inherited)",
					"$(DEVELOPER_FRAMEWORKS_DIR)",
				);
				GCC_PRECOMPILE_PREFIX_HEADER = YES;
				GCC_PREFIX_HEADER = "AwsomeApp/AwsomeApp-Prefix.pch";
				INFOPLIST_FILE = "AwsomeAppTests/AwsomeAppTests-Info.plist";
				PRODUCT_NAME = "$(TARGET_NAME)";
				TEST_HOST = "$(BUNDLE_LOADER)";
				WRAPPER_EXTENSION = xctest;
			};
			name = Release;
		};
/* End XCBuildConfiguration section */

/* Begin XCConfigurationList section */
		4CC28298194003BD00A48681 /* Build configuration list for PBXProject "AwsomeApp" */ = {
			isa = XCConfigurationList;
			buildConfigurations = (
				4CC282CD194003BD00A48681 /* Debug */,
				4CC282CE194003BD00A48681 /* Release */,
			);
			defaultConfigurationIsVisible = 0;
			defaultConfigurationName = Release;
		};
		4CC282CF194003BD00A48681 /* Build configuration list for PBXNativeTarget "AwsomeApp" */ = {
			isa = XCConfigurationList;
			buildConfigurations = (
				4CC282D0194003BD00A48681 /* Debug */,
				4CC282D1194003BD00A48681 /* Release */,
			);
			defaultConfigurationIsVisible = 0;
			defaultConfigurationName = Release;
		};
		4CC282D2194003BD00A48681 /* Build configuration list for PBXNativeTarget "AwsomeAppTests" */ = {
			isa = XCConfigurationList;
			buildConfigurations = (
				4CC282D3194003BD00A48681 /* Debug */,
				4CC282D4194003BD00A48681 /* Release */,
			);
			defaultConfigurationIsVisible = 0;
			defaultConfigurationName = Release;
		};
/* End XCConfigurationList section */
	};
	rootObject = 4CC28295194003BD00A48681 /* Project object */;
}
